
Microsoft Visual Studio Solution File, Format Version 12.00
# Visual Studio 2013
VisualStudioVersion = 12.0.30723.0
MinimumVisualStudioVersion = 10.0.40219.1
Project("{FAE04EC0-301F-11D3-BF4B-00C04F79EFBC}") = "SecurityBlackoutWindow", "src\SecurityBlackoutWindow\SecurityBlackoutWindow.csproj", "{4B777C97-849C-4CCF-9517-C35DD3BF5591}"
EndProject
Project("{FAE04EC0-301F-11D3-BF4B-00C04F79EFBC}") = "SecurityBlackoutWindowTest", "src\SecurityBlackoutWindowTest\SecurityBlackoutWindowTest.csproj", "{620A4C92-2FE2-457E-98FD-7C2C7F70A667}"
EndProject
Project("{FAE04EC0-301F-11D3-BF4B-00C04F79EFBC}") = "SecurityBlackoutWindowTestWPF", "src\SecurityBlackoutWindowTestWPF\SecurityBlackoutWindowTestWPF.csproj", "{97AADBC2-2A78-4109-8F0F-27B7A6E7C454}"
EndProject
Global
	GlobalSection(SolutionConfigurationPlatforms) = preSolution
		Debug|Any CPU = Debug|Any CPU
		Release|Any CPU = Release|Any CPU
	EndGlobalSection
	GlobalSection(ProjectConfigurationPlatforms) = postSolution
		{4B777C97-849C-4CCF-9517-C35DD3BF5591}.Debug|Any CPU.ActiveCfg = Debug|Any CPU
		{4B777C97-849C-4CCF-9517-C35DD3BF5591}.Debug|Any CPU.Build.0 = Debug|Any CPU
		{4B777C97-849C-4CCF-9517-C35DD3BF5591}.Release|Any CPU.ActiveCfg = Release|Any CPU
		{4B777C97-849C-4CCF-9517-C35DD3BF5591}.Release|Any CPU.Build.0 = Release|Any CPU
		{620A4C92-2FE2-457E-98FD-7C2C7F70A667}.Debug|Any CPU.ActiveCfg = Debug|Any CPU
		{620A4C92-2FE2-457E-98FD-7C2C7F70A667}.Debug|Any CPU.Build.0 = Debug|Any CPU
		{620A4C92-2FE2-457E-98FD-7C2C7F70A667}.Release|Any CPU.ActiveCfg = Release|Any CPU
		{620A4C92-2FE2-457E-98FD-7C2C7F70A667}.Release|Any CPU.Build.0 = Release|Any CPU
		{97AADBC2-2A78-4109-8F0F-27B7A6E7C454}.Debug|Any CPU.ActiveCfg = Debug|Any CPU
		{97AADBC2-2A78-4109-8F0F-27B7A6E7C454}.Debug|Any CPU.Build.0 = Debug|Any CPU
		{97AADBC2-2A78-4109-8F0F-27B7A6E7C454}.Release|Any CPU.ActiveCfg = Release|Any CPU
		{97AADBC2-2A78-4109-8F0F-27B7A6E7C454}.Release|Any CPU.Build.0 = Release|Any CPU
	EndGlobalSection
	GlobalSection(SolutionProperties) = preSolution
		HideSolutionNode = FALSE
	EndGlobalSection
EndGlobal
